// !$*UTF8*$!
{
	archiveVersion = 1;
	classes = {
	};
	objectVersion = 56;
	objects = {

/* Begin PBXBuildFile section */
		CE04E0E72A2D3F990068F8E4 /* MoonshotApp.swift in Sources */ = {isa = PBXBuildFile; fileRef = CE04E0E62A2D3F990068F8E4 /* MoonshotApp.swift */; };
		CE04E0E92A2D3F990068F8E4 /* MissionsView.swift in Sources */ = {isa = PBXBuildFile; fileRef = CE04E0E82A2D3F990068F8E4 /* MissionsView.swift */; };
		CE04E0EB2A2D3F9A0068F8E4 /* Assets.xcassets in Resources */ = {isa = PBXBuildFile; fileRef = CE04E0EA2A2D3F9A0068F8E4 /* Assets.xcassets */; };
		CE04E0EE2A2D3F9A0068F8E4 /* Preview Assets.xcassets in Resources */ = {isa = PBXBuildFile; fileRef = CE04E0ED2A2D3F9A0068F8E4 /* Preview Assets.xcassets */; };
		CE7A7A692A2DBA4C00583D2A /* missions.json in Resources */ = {isa = PBXBuildFile; fileRef = CE7A7A672A2DBA4C00583D2A /* missions.json */; };
		CE7A7A6A2A2DBA4C00583D2A /* astronauts.json in Resources */ = {isa = PBXBuildFile; fileRef = CE7A7A682A2DBA4C00583D2A /* astronauts.json */; };
		CE7A7A6C2A2DBACB00583D2A /* Astronaut.swift in Sources */ = {isa = PBXBuildFile; fileRef = CE7A7A6B2A2DBACB00583D2A /* Astronaut.swift */; };
		CE7A7A6E2A2DBB3700583D2A /* Bundle-Decodable.swift in Sources */ = {isa = PBXBuildFile; fileRef = CE7A7A6D2A2DBB3700583D2A /* Bundle-Decodable.swift */; };
		CE7A7A702A2DBD1100583D2A /* Mission.swift in Sources */ = {isa = PBXBuildFile; fileRef = CE7A7A6F2A2DBD1100583D2A /* Mission.swift */; };
		CE7A7A722A2DCA7700583D2A /* Color-Theme.swift in Sources */ = {isa = PBXBuildFile; fileRef = CE7A7A712A2DCA7700583D2A /* Color-Theme.swift */; };
		CEEBC44E2A2DE1E5006EA675 /* MissionView.swift in Sources */ = {isa = PBXBuildFile; fileRef = CEEBC44D2A2DE1E5006EA675 /* MissionView.swift */; };
		CEEBC4522A2DF19D006EA675 /* AstronautView.swift in Sources */ = {isa = PBXBuildFile; fileRef = CEEBC4512A2DF19D006EA675 /* AstronautView.swift */; };
/* End PBXBuildFile section */

/* Begin PBXFileReference section */
		CE04E0E32A2D3F990068F8E4 /* Moonshot.app */ = {isa = PBXFileReference; explicitFileType = wrapper.application; includeInIndex = 0; path = Moonshot.app; sourceTree = BUILT_PRODUCTS_DIR; };
		CE04E0E62A2D3F990068F8E4 /* MoonshotApp.swift */ = {isa = PBXFileReference; lastKnownFileType = sourcecode.swift; path = MoonshotApp.swift; sourceTree = "<group>"; };
		CE04E0E82A2D3F990068F8E4 /* MissionsView.swift */ = {isa = PBXFileReference; lastKnownFileType = sourcecode.swift; path = MissionsView.swift; sourceTree = "<group>"; };
		CE04E0EA2A2D3F9A0068F8E4 /* Assets.xcassets */ = {isa = PBXFileReference; lastKnownFileType = folder.assetcatalog; path = Assets.xcassets; sourceTree = "<group>"; };
		CE04E0ED2A2D3F9A0068F8E4 /* Preview Assets.xcassets */ = {isa = PBXFileReference; lastKnownFileType = folder.assetcatalog; path = "Preview Assets.xcassets"; sourceTree = "<group>"; };
		CE7A7A672A2DBA4C00583D2A /* missions.json */ = {isa = PBXFileReference; fileEncoding = 4; lastKnownFileType = text.json; path = missions.json; sourceTree = "<group>"; };
		CE7A7A682A2DBA4C00583D2A /* astronauts.json */ = {isa = PBXFileReference; fileEncoding = 4; lastKnownFileType = text.json; path = astronauts.json; sourceTree = "<group>"; };
		CE7A7A6B2A2DBACB00583D2A /* Astronaut.swift */ = {isa = PBXFileReference; lastKnownFileType = sourcecode.swift; path = Astronaut.swift; sourceTree = "<group>"; };
		CE7A7A6D2A2DBB3700583D2A /* Bundle-Decodable.swift */ = {isa = PBXFileReference; lastKnownFileType = sourcecode.swift; path = "Bundle-Decodable.swift"; sourceTree = "<group>"; };
		CE7A7A6F2A2DBD1100583D2A /* Mission.swift */ = {isa = PBXFileReference; lastKnownFileType = sourcecode.swift; path = Mission.swift; sourceTree = "<group>"; };
		CE7A7A712A2DCA7700583D2A /* Color-Theme.swift */ = {isa = PBXFileReference; lastKnownFileType = sourcecode.swift; path = "Color-Theme.swift"; sourceTree = "<group>"; };
		CEEBC44D2A2DE1E5006EA675 /* MissionView.swift */ = {isa = PBXFileReference; lastKnownFileType = sourcecode.swift; path = MissionView.swift; sourceTree = "<group>"; };
		CEEBC4512A2DF19D006EA675 /* AstronautView.swift */ = {isa = PBXFileReference; lastKnownFileType = sourcecode.swift; path = AstronautView.swift; sourceTree = "<group>"; };
/* End PBXFileReference section */

/* Begin PBXFrameworksBuildPhase section */
		CE04E0E02A2D3F990068F8E4 /* Frameworks */ = {
			isa = PBXFrameworksBuildPhase;
			buildActionMask = 2147483647;
			files = (
			);
			runOnlyForDeploymentPostprocessing = 0;
		};
/* End PBXFrameworksBuildPhase section */

/* Begin PBXGroup section */
		CE04E0DA2A2D3F990068F8E4 = {
			isa = PBXGroup;
			children = (
				CE04E0E52A2D3F990068F8E4 /* Moonshot */,
				CE04E0E42A2D3F990068F8E4 /* Products */,
			);
			sourceTree = "<group>";
		};
		CE04E0E42A2D3F990068F8E4 /* Products */ = {
			isa = PBXGroup;
			children = (
				CE04E0E32A2D3F990068F8E4 /* Moonshot.app */,
			);
			name = Products;
			sourceTree = "<group>";
		};
		CE04E0E52A2D3F990068F8E4 /* Moonshot */ = {
			isa = PBXGroup;
			children = (
				CE04E0E62A2D3F990068F8E4 /* MoonshotApp.swift */,
				CE04E0E82A2D3F990068F8E4 /* MissionsView.swift */,
				CEEBC44D2A2DE1E5006EA675 /* MissionView.swift */,
				CEEBC4512A2DF19D006EA675 /* AstronautView.swift */,
				CE7A7A712A2DCA7700583D2A /* Color-Theme.swift */,
				CE7A7A6B2A2DBACB00583D2A /* Astronaut.swift */,
				CE7A7A6F2A2DBD1100583D2A /* Mission.swift */,
				CE7A7A6D2A2DBB3700583D2A /* Bundle-Decodable.swift */,
				CE7A7A682A2DBA4C00583D2A /* astronauts.json */,
				CE7A7A672A2DBA4C00583D2A /* missions.json */,
				CE04E0EA2A2D3F9A0068F8E4 /* Assets.xcassets */,
				CE04E0EC2A2D3F9A0068F8E4 /* Preview Content */,
			);
			path = Moonshot;
			sourceTree = "<group>";
		};
		CE04E0EC2A2D3F9A0068F8E4 /* Preview Content */ = {
			isa = PBXGroup;
			children = (
				CE04E0ED2A2D3F9A0068F8E4 /* Preview Assets.xcassets */,
			);
			path = "Preview Content";
			sourceTree = "<group>";
		};
/* End PBXGroup section */

/* Begin PBXNativeTarget section */
		CE04E0E22A2D3F990068F8E4 /* Moonshot */ = {
			isa = PBXNativeTarget;
			buildConfigurationList = CE04E0F12A2D3F9A0068F8E4 /* Build configuration list for PBXNativeTarget "Moonshot" */;
			buildPhases = (
				CE04E0DF2A2D3F990068F8E4 /* Sources */,
				CE04E0E02A2D3F990068F8E4 /* Frameworks */,
				CE04E0E12A2D3F990068F8E4 /* Resources */,
			);
			buildRules = (
			);
			dependencies = (
			);
			name = Moonshot;
			productName = Moonshot;
			productReference = CE04E0E32A2D3F990068F8E4 /* Moonshot.app */;
			productType = "com.apple.product-type.application";
		};
/* End PBXNativeTarget section */

/* Begin PBXProject section */
		CE04E0DB2A2D3F990068F8E4 /* Project object */ = {
			isa = PBXProject;
			attributes = {
				BuildIndependentTargetsInParallel = 1;
				LastSwiftUpdateCheck = 1420;
				LastUpgradeCheck = 1420;
				TargetAttributes = {
					CE04E0E22A2D3F990068F8E4 = {
						CreatedOnToolsVersion = 14.2;
					};
				};
			};
			buildConfigurationList = CE04E0DE2A2D3F990068F8E4 /* Build configuration list for PBXProject "Moonshot" */;
			compatibilityVersion = "Xcode 14.0";
			developmentRegion = en;
			hasScannedForEncodings = 0;
			knownRegions = (
				en,
				Base,
			);
			mainGroup = CE04E0DA2A2D3F990068F8E4;
			productRefGroup = CE04E0E42A2D3F990068F8E4 /* Products */;
			projectDirPath = "";
			projectRoot = "";
			targets = (
				CE04E0E22A2D3F990068F8E4 /* Moonshot */,
			);
		};
/* End PBXProject section */

/* Begin PBXResourcesBuildPhase section */
		CE04E0E12A2D3F990068F8E4 /* Resources */ = {
			isa = PBXResourcesBuildPhase;
			buildActionMask = 2147483647;
			files = (
				CE04E0EE2A2D3F9A0068F8E4 /* Preview Assets.xcassets in Resources */,
				CE7A7A692A2DBA4C00583D2A /* missions.json in Resources */,
				CE04E0EB2A2D3F9A0068F8E4 /* Assets.xcassets in Resources */,
				CE7A7A6A2A2DBA4C00583D2A /* astronauts.json in Resources */,
			);
			runOnlyForDeploymentPostprocessing = 0;
		};
/* End PBXResourcesBuildPhase section */

/* Begin PBXSourcesBuildPhase section */
		CE04E0DF2A2D3F990068F8E4 /* Sources */ = {
			isa = PBXSourcesBuildPhase;
			buildActionMask = 2147483647;
			files = (
				CEEBC44E2A2DE1E5006EA675 /* MissionView.swift in Sources */,
				CE7A7A6C2A2DBACB00583D2A /* Astronaut.swift in Sources */,
				CEEBC4522A2DF19D006EA675 /* AstronautView.swift in Sources */,
				CE7A7A722A2DCA7700583D2A /* Color-Theme.swift in Sources */,
				CE04E0E92A2D3F990068F8E4 /* MissionsView.swift in Sources */,
				CE04E0E72A2D3F990068F8E4 /* MoonshotApp.swift in Sources */,
				CE7A7A702A2DBD1100583D2A /* Mission.swift in Sources */,
				CE7A7A6E2A2DBB3700583D2A /* Bundle-Decodable.swift in Sources */,
			);
			runOnlyForDeploymentPostprocessing = 0;
		};
/* End PBXSourcesBuildPhase section */

/* Begin XCBuildConfiguration section */
		CE04E0EF2A2D3F9A0068F8E4 /* Debug */ = {
			isa = XCBuildConfiguration;
			buildSettings = {
				ALWAYS_SEARCH_USER_PATHS = NO;
				CLANG_ANALYZER_NONNULL = YES;
				CLANG_ANALYZER_NUMBER_OBJECT_CONVERSION = YES_AGGRESSIVE;
				CLANG_CXX_LANGUAGE_STANDARD = "gnu++20";
				CLANG_ENABLE_MODULES = YES;
				CLANG_ENABLE_OBJC_ARC = YES;
				CLANG_ENABLE_OBJC_WEAK = YES;
				CLANG_WARN_BLOCK_CAPTURE_AUTORELEASING = YES;
				CLANG_WARN_BOOL_CONVERSION = YES;
				CLANG_WARN_COMMA = YES;
				CLANG_WARN_CONSTANT_CONVERSION = YES;
				CLANG_WARN_DEPRECATED_OBJC_IMPLEMENTATIONS = YES;
				CLANG_WARN_DIRECT_OBJC_ISA_USAGE = YES_ERROR;
				CLANG_WARN_DOCUMENTATION_COMMENTS = YES;
				CLANG_WARN_EMPTY_BODY = YES;
				CLANG_WARN_ENUM_CONVERSION = YES;
				CLANG_WARN_INFINITE_RECURSION = YES;
				CLANG_WARN_INT_CONVERSION = YES;
				CLANG_WARN_NON_LITERAL_NULL_CONVERSION = YES;
				CLANG_WARN_OBJC_IMPLICIT_RETAIN_SELF = YES;
				CLANG_WARN_OBJC_LITERAL_CONVERSION = YES;
				CLANG_WARN_OBJC_ROOT_CLASS = YES_ERROR;
				CLANG_WARN_QUOTED_INCLUDE_IN_FRAMEWORK_HEADER = YES;
				CLANG_WARN_RANGE_LOOP_ANALYSIS = YES;
				CLANG_WARN_STRICT_PROTOTYPES = YES;
				CLANG_WARN_SUSPICIOUS_MOVE = YES;
				CLANG_WARN_UNGUARDED_AVAILABILITY = YES_AGGRESSIVE;
				CLANG_WARN_UNREACHABLE_CODE = YES;
				CLANG_WARN__DUPLICATE_METHOD_MATCH = YES;
				COPY_PHASE_STRIP = NO;
				DEBUG_INFORMATION_FORMAT = dwarf;
				ENABLE_STRICT_OBJC_MSGSEND = YES;
				ENABLE_TESTABILITY = YES;
				GCC_C_LANGUAGE_STANDARD = gnu11;
				GCC_DYNAMIC_NO_PIC = NO;
				GCC_NO_COMMON_BLOCKS = YES;
				GCC_OPTIMIZATION_LEVEL = 0;
				GCC_PREPROCESSOR_DEFINITIONS = (
					"DEBUG=1",
					"$(inherited)",
				);
				GCC_WARN_64_TO_32_BIT_CONVERSION = YES;
				GCC_WARN_ABOUT_RETURN_TYPE = YES_ERROR;
				GCC_WARN_UNDECLARED_SELECTOR = YES;
				GCC_WARN_UNINITIALIZED_AUTOS = YES_AGGRESSIVE;
				GCC_WARN_UNUSED_FUNCTION = YES;
				GCC_WARN_UNUSED_VARIABLE = YES;
				IPHONEOS_DEPLOYMENT_TARGET = 16.2;
				MTL_ENABLE_DEBUG_INFO = INCLUDE_SOURCE;
				MTL_FAST_MATH = YES;
				ONLY_ACTIVE_ARCH = YES;
				SDKROOT = iphoneos;
				SWIFT_ACTIVE_COMPILATION_CONDITIONS = DEBUG;
				SWIFT_OPTIMIZATION_LEVEL = "-Onone";
			};
			name = Debug;
		};
		CE04E0F02A2D3F9A0068F8E4 /* Release */ = {
			isa = XCBuildConfiguration;
			buildSettings = {
				ALWAYS_SEARCH_USER_PATHS = NO;
				CLANG_ANALYZER_NONNULL = YES;
				CLANG_ANALYZER_NUMBER_OBJECT_CONVERSION = YES_AGGRESSIVE;
				CLANG_CXX_LANGUAGE_STANDARD = "gnu++20";
				CLANG_ENABLE_MODULES = YES;
				CLANG_ENABLE_OBJC_ARC = YES;
				CLANG_ENABLE_OBJC_WEAK = YES;
				CLANG_WARN_BLOCK_CAPTURE_AUTORELEASING = YES;
				CLANG_WARN_BOOL_CONVERSION = YES;
				CLANG_WARN_COMMA = YES;
				CLANG_WARN_CONSTANT_CONVERSION = YES;
				CLANG_WARN_DEPRECATED_OBJC_IMPLEMENTATIONS = YES;
				CLANG_WARN_DIRECT_OBJC_ISA_USAGE = YES_ERROR;
				CLANG_WARN_DOCUMENTATION_COMMENTS = YES;
				CLANG_WARN_EMPTY_BODY = YES;
				CLANG_WARN_ENUM_CONVERSION = YES;
				CLANG_WARN_INFINITE_RECURSION = YES;
				CLANG_WARN_INT_CONVERSION = YES;
				CLANG_WARN_NON_LITERAL_NULL_CONVERSION = YES;
				CLANG_WARN_OBJC_IMPLICIT_RETAIN_SELF = YES;
				CLANG_WARN_OBJC_LITERAL_CONVERSION = YES;
				CLANG_WARN_OBJC_ROOT_CLASS = YES_ERROR;
				CLANG_WARN_QUOTED_INCLUDE_IN_FRAMEWORK_HEADER = YES;
				CLANG_WARN_RANGE_LOOP_ANALYSIS = YES;
				CLANG_WARN_STRICT_PROTOTYPES = YES;
				CLANG_WARN_SUSPICIOUS_MOVE = YES;
				CLANG_WARN_UNGUARDED_AVAILABILITY = YES_AGGRESSIVE;
				CLANG_WARN_UNREACHABLE_CODE = YES;
				CLANG_WARN__DUPLICATE_METHOD_MATCH = YES;
				COPY_PHASE_STRIP = NO;
				DEBUG_INFORMATION_FORMAT = "dwarf-with-dsym";
				ENABLE_NS_ASSERTIONS = NO;
				ENABLE_STRICT_OBJC_MSGSEND = YES;
				GCC_C_LANGUAGE_STANDARD = gnu11;
				GCC_NO_COMMON_BLOCKS = YES;
				GCC_WARN_64_TO_32_BIT_CONVERSION = YES;
				GCC_WARN_ABOUT_RETURN_TYPE = YES_ERROR;
				GCC_WARN_UNDECLARED_SELECTOR = YES;
				GCC_WARN_UNINITIALIZED_AUTOS = YES_AGGRESSIVE;
				GCC_WARN_UNUSED_FUNCTION = YES;
				GCC_WARN_UNUSED_VARIABLE = YES;
				IPHONEOS_DEPLOYMENT_TARGET = 16.2;
				MTL_ENABLE_DEBUG_INFO = NO;
				MTL_FAST_MATH = YES;
				SDKROOT = iphoneos;
				SWIFT_COMPILATION_MODE = wholemodule;
				SWIFT_OPTIMIZATION_LEVEL = "-O";
				VALIDATE_PRODUCT = YES;
			};
			name = Release;
		};
		CE04E0F22A2D3F9A0068F8E4 /* Debug */ = {
			isa = XCBuildConfiguration;
			buildSettings = {
				ASSETCATALOG_COMPILER_APPICON_NAME = AppIcon;
				ASSETCATALOG_COMPILER_GLOBAL_ACCENT_COLOR_NAME = AccentColor;
				CODE_SIGN_STYLE = Automatic;
				CURRENT_PROJECT_VERSION = 1;
				DEVELOPMENT_ASSET_PATHS = "\"Moonshot/Preview Content\"";
				DEVELOPMENT_TEAM = S9P32L767X;
				ENABLE_PREVIEWS = YES;
				GENERATE_INFOPLIST_FILE = YES;
				INFOPLIST_KEY_UIApplicationSceneManifest_Generation = YES;
				INFOPLIST_KEY_UIApplicationSupportsIndirectInputEvents = YES;
				INFOPLIST_KEY_UILaunchScreen_Generation = YES;
				INFOPLIST_KEY_UISupportedInterfaceOrientations_iPad = "UIInterfaceOrientationPortrait UIInterfaceOrientationPortraitUpsideDown UIInterfaceOrientationLandscapeLeft UIInterfaceOrientationLandscapeRight";
				INFOPLIST_KEY_UISupportedInterfaceOrientations_iPhone = "UIInterfaceOrientationPortrait UIInterfaceOrientationLandscapeLeft UIInterfaceOrientationLandscapeRight";
				LD_RUNPATH_SEARCH_PATHS = (
					"$(inherited)",
					"@executable_path/Frameworks",
				);
				MARKETING_VERSION = 1.0;
				PRODUCT_BUNDLE_IDENTIFIER = com.tochukwuukpai.Moonshot;
				PRODUCT_NAME = "$(TARGET_NAME)";
				SWIFT_EMIT_LOC_STRINGS = YES;
				SWIFT_VERSION = 5.0;
				TARGETED_DEVICE_FAMILY = "1,2";
			};
			name = Debug;
		};
		CE04E0F32A2D3F9A0068F8E4 /* Release */ = {
			isa = XCBuildConfiguration;
			buildSettings = {
				ASSETCATALOG_COMPILER_APPICON_NAME = AppIcon;
				ASSETCATALOG_COMPILER_GLOBAL_ACCENT_COLOR_NAME = AccentColor;
				CODE_SIGN_STYLE = Automatic;
				CURRENT_PROJECT_VERSION = 1;
				DEVELOPMENT_ASSET_PATHS = "\"Moonshot/Preview Content\"";
				DEVELOPMENT_TEAM = S9P32L767X;
				ENABLE_PREVIEWS = YES;
				GENERATE_INFOPLIST_FILE = YES;
				INFOPLIST_KEY_UIApplicationSceneManifest_Generation = YES;
				INFOPLIST_KEY_UIApplicationSupportsIndirectInputEvents = YES;
				INFOPLIST_KEY_UILaunchScreen_Generation = YES;
				INFOPLIST_KEY_UISupportedInterfaceOrientations_iPad = "UIInterfaceOrientationPortrait UIInterfaceOrientationPortraitUpsideDown UIInterfaceOrientationLandscapeLeft UIInterfaceOrientationLandscapeRight";
				INFOPLIST_KEY_UISupportedInterfaceOrientations_iPhone = "UIInterfaceOrientationPortrait UIInterfaceOrientationLandscapeLeft UIInterfaceOrientationLandscapeRight";
				LD_RUNPATH_SEARCH_PATHS = (
					"$(inherited)",
					"@executable_path/Frameworks",
				);
				MARKETING_VERSION = 1.0;
				PRODUCT_BUNDLE_IDENTIFIER = com.tochukwuukpai.Moonshot;
				PRODUCT_NAME = "$(TARGET_NAME)";
				SWIFT_EMIT_LOC_STRINGS = YES;
				SWIFT_VERSION = 5.0;
				TARGETED_DEVICE_FAMILY = "1,2";
			};
			name = Release;
		};
/* End XCBuildConfiguration section */

/* Begin XCConfigurationList section */
		CE04E0DE2A2D3F990068F8E4 /* Build configuration list for PBXProject "Moonshot" */ = {
			isa = XCConfigurationList;
			buildConfigurations = (
				CE04E0EF2A2D3F9A0068F8E4 /* Debug */,
				CE04E0F02A2D3F9A0068F8E4 /* Release */,
			);
			defaultConfigurationIsVisible = 0;
			defaultConfigurationName = Release;
		};
		CE04E0F12A2D3F9A0068F8E4 /* Build configuration list for PBXNativeTarget "Moonshot" */ = {
			isa = XCConfigurationList;
			buildConfigurations = (
				CE04E0F22A2D3F9A0068F8E4 /* Debug */,
				CE04E0F32A2D3F9A0068F8E4 /* Release */,
			);
			defaultConfigurationIsVisible = 0;
			defaultConfigurationName = Release;
		};
/* End XCConfigurationList section */
	};
	rootObject = CE04E0DB2A2D3F990068F8E4 /* Project object */;
}
